
Microsoft Visual Studio Solution File, Format Version 12.00
# Visual Studio Version 17
VisualStudioVersion = 17.4.33213.308
MinimumVisualStudioVersion = 10.0.40219.1
Project("{FAE04EC0-301F-11D3-BF4B-00C04F79EFBC}") = "TestProfile", "TestProfile\TestProfile.csproj", "{987DB169-2044-433F-AC35-F981E69C466D}"
EndProject
Global
	GlobalSection(SolutionConfigurationPlatforms) = preSolution
		Debug|Any CPU = Debug|Any CPU
		Release|Any CPU = Release|Any CPU
	EndGlobalSection
	GlobalSection(ProjectConfigurationPlatforms) = postSolution
		{987DB169-2044-433F-AC35-F981E69C466D}.Debug|Any CPU.ActiveCfg = Debug|Any CPU
		{987DB169-2044-433F-AC35-F981E69C466D}.Debug|Any CPU.Build.0 = Debug|Any CPU
		{987DB169-2044-433F-AC35-F981E69C466D}.Release|Any CPU.ActiveCfg = Release|Any CPU
		{987DB169-2044-433F-AC35-F981E69C466D}.Release|Any CPU.Build.0 = Release|Any CPU
	EndGlobalSection
	GlobalSection(SolutionProperties) = preSolution
		HideSolutionNode = FALSE
	EndGlobalSection
	GlobalSection(ExtensibilityGlobals) = postSolution
		SolutionGuid = {275E6057-5ED8-40AA-80C0-A9535D4B7E26}
	EndGlobalSection
EndGlobal
